Microsoft Visual Studio Solution File, Format Version 12.00
# Visual Studio Version 17
VisualStudioVersion = 17.5.2.0
MinimumVisualStudioVersion = 10.0.40219.1
Project("{FAE04EC0-301F-11D3-BF4B-00C04F79EFBC}") = "ChatCriptografado", "ChatCriptografado.csproj", "{8D7B7CD8-1B8F-5C08-D897-2613DB64D25B}"
EndProject
Global
	GlobalSection(SolutionConfigurationPlatforms) = preSolution
		Debug|Any CPU = Debug|Any CPU
		Release|Any CPU = Release|Any CPU
	EndGlobalSection
	GlobalSection(ProjectConfigurationPlatforms) = postSolution
		{8D7B7CD8-1B8F-5C08-D897-2613DB64D25B}.Debug|Any CPU.ActiveCfg = Debug|Any CPU
		{8D7B7CD8-1B8F-5C08-D897-2613DB64D25B}.Debug|Any CPU.Build.0 = Debug|Any CPU
		{8D7B7CD8-1B8F-5C08-D897-2613DB64D25B}.Release|Any CPU.ActiveCfg = Release|Any CPU
		{8D7B7CD8-1B8F-5C08-D897-2613DB64D25B}.Release|Any CPU.Build.0 = Release|Any CPU
	EndGlobalSection
	GlobalSection(SolutionProperties) = preSolution
		HideSolutionNode = FALSE
	EndGlobalSection
	GlobalSection(ExtensibilityGlobals) = postSolution
		SolutionGuid = {61226A29-D31D-439E-9851-A7ED446FEEA9}
	EndGlobalSection
EndGlobal
